// !$*UTF8*$!
{
	archiveVersion = 1;
	classes = {
	};
	objectVersion = 46;
	objects = {

/* Begin PBXBuildFile section */
		6DF53B7E207D45EE00EE395D /* MulticastDelegate.swift in Sources */ = {isa = PBXBuildFile; fileRef = 797980A41EB91A7E00D44AB0 /* MulticastDelegate.swift */; };
		6DF53B7F207D45F000EE395D /* MulticastDelegate.h in Headers */ = {isa = PBXBuildFile; fileRef = 7979808D1EB91A6E00D44AB0 /* MulticastDelegate.h */; settings = {ATTRIBUTES = (Public, ); }; };
		790612F520FF700D00870ADB /* MulticastDelegateTests.swift in Sources */ = {isa = PBXBuildFile; fileRef = 79C1A6D61EC4994E00F31EE7 /* MulticastDelegateTests.swift */; };
		790612F720FF700D00870ADB /* MulticastDelegate.framework in Frameworks */ = {isa = PBXBuildFile; fileRef = 7979808A1EB91A6E00D44AB0 /* MulticastDelegate.framework */; };
		797980941EB91A6E00D44AB0 /* MulticastDelegate.framework in Frameworks */ = {isa = PBXBuildFile; fileRef = 7979808A1EB91A6E00D44AB0 /* MulticastDelegate.framework */; };
		7979809B1EB91A6E00D44AB0 /* MulticastDelegate.h in Headers */ = {isa = PBXBuildFile; fileRef = 7979808D1EB91A6E00D44AB0 /* MulticastDelegate.h */; settings = {ATTRIBUTES = (Public, ); }; };
		797980A51EB91A7E00D44AB0 /* MulticastDelegate.swift in Sources */ = {isa = PBXBuildFile; fileRef = 797980A41EB91A7E00D44AB0 /* MulticastDelegate.swift */; };
		79C1A6D71EC4994E00F31EE7 /* Info.plist in Resources */ = {isa = PBXBuildFile; fileRef = 79C1A6D31EC4994E00F31EE7 /* Info.plist */; };
		79C1A6DA1EC49D2F00F31EE7 /* MulticastDelegateTests.swift in Sources */ = {isa = PBXBuildFile; fileRef = 79C1A6D61EC4994E00F31EE7 /* MulticastDelegateTests.swift */; };
/* End PBXBuildFile section */

/* Begin PBXContainerItemProxy section */
		790612FE20FF704900870ADB /* PBXContainerItemProxy */ = {
			isa = PBXContainerItemProxy;
			containerPortal = 797980811EB91A6E00D44AB0 /* Project object */;
			proxyType = 1;
			remoteGlobalIDString = 6DF53B75207D451700EE395D;
			remoteInfo = "MulticastDelegate (tvOS)";
		};
		797980951EB91A6E00D44AB0 /* PBXContainerItemProxy */ = {
			isa = PBXContainerItemProxy;
			containerPortal = 797980811EB91A6E00D44AB0 /* Project object */;
			proxyType = 1;
			remoteGlobalIDString = 797980891EB91A6E00D44AB0;
			remoteInfo = MulticastDelegate;
		};
/* End PBXContainerItemProxy section */

/* Begin PBXFileReference section */
		6DF53B76207D451700EE395D /* MulticastDelegate.framework */ = {isa = PBXFileReference; explicitFileType = wrapper.framework; includeInIndex = 0; path = MulticastDelegate.framework; sourceTree = BUILT_PRODUCTS_DIR; };
		790612FC20FF700D00870ADB /* MulticastDelegateTests (tvOS).xctest */ = {isa = PBXFileReference; explicitFileType = wrapper.cfbundle; includeInIndex = 0; path = "MulticastDelegateTests (tvOS).xctest"; sourceTree = BUILT_PRODUCTS_DIR; };
		79513ADD206150CA003FDE38 /* KRCMulticastDelegate.podspec */ = {isa = PBXFileReference; fileEncoding = 4; lastKnownFileType = text; path = KRCMulticastDelegate.podspec; sourceTree = "<group>"; };
		7979808A1EB91A6E00D44AB0 /* MulticastDelegate.framework */ = {isa = PBXFileReference; explicitFileType = wrapper.framework; includeInIndex = 0; path = MulticastDelegate.framework; sourceTree = BUILT_PRODUCTS_DIR; };
		7979808D1EB91A6E00D44AB0 /* MulticastDelegate.h */ = {isa = PBXFileReference; lastKnownFileType = sourcecode.c.h; name = MulticastDelegate.h; path = ../Sources/MulticastDelegate.h; sourceTree = "<group>"; };
		7979808E1EB91A6E00D44AB0 /* Info.plist */ = {isa = PBXFileReference; lastKnownFileType = text.plist.xml; path = Info.plist; sourceTree = "<group>"; };
		797980931EB91A6E00D44AB0 /* MulticastDelegateTests.xctest */ = {isa = PBXFileReference; explicitFileType = wrapper.cfbundle; includeInIndex = 0; path = MulticastDelegateTests.xctest; sourceTree = BUILT_PRODUCTS_DIR; };
		797980A41EB91A7E00D44AB0 /* MulticastDelegate.swift */ = {isa = PBXFileReference; fileEncoding = 4; lastKnownFileType = sourcecode.swift; path = MulticastDelegate.swift; sourceTree = "<group>"; };
		79C1A6D31EC4994E00F31EE7 /* Info.plist */ = {isa = PBXFileReference; fileEncoding = 4; lastKnownFileType = text.plist.xml; path = Info.plist; sourceTree = "<group>"; };
		79C1A6D41EC4994E00F31EE7 /* LinuxMain.swift */ = {isa = PBXFileReference; fileEncoding = 4; lastKnownFileType = sourcecode.swift; path = LinuxMain.swift; sourceTree = "<group>"; };
		79C1A6D61EC4994E00F31EE7 /* MulticastDelegateTests.swift */ = {isa = PBXFileReference; fileEncoding = 4; lastKnownFileType = sourcecode.swift; path = MulticastDelegateTests.swift; sourceTree = "<group>"; };
		79DE232F1F26511400D23E2C /* README.md */ = {isa = PBXFileReference; lastKnownFileType = net.daringfireball.markdown; path = README.md; sourceTree = "<group>"; };
/* End PBXFileReference section */

/* Begin PBXFrameworksBuildPhase section */
		6DF53B72207D451700EE395D /* Frameworks */ = {
			isa = PBXFrameworksBuildPhase;
			buildActionMask = 2147483647;
			files = (
			);
			runOnlyForDeploymentPostprocessing = 0;
		};
		790612F620FF700D00870ADB /* Frameworks */ = {
			isa = PBXFrameworksBuildPhase;
			buildActionMask = 2147483647;
			files = (
				790612F720FF700D00870ADB /* MulticastDelegate.framework in Frameworks */,
			);
			runOnlyForDeploymentPostprocessing = 0;
		};
		797980861EB91A6E00D44AB0 /* Frameworks */ = {
			isa = PBXFrameworksBuildPhase;
			buildActionMask = 2147483647;
			files = (
			);
			runOnlyForDeploymentPostprocessing = 0;
		};
		797980901EB91A6E00D44AB0 /* Frameworks */ = {
			isa = PBXFrameworksBuildPhase;
			buildActionMask = 2147483647;
			files = (
				797980941EB91A6E00D44AB0 /* MulticastDelegate.framework in Frameworks */,
			);
			runOnlyForDeploymentPostprocessing = 0;
		};
/* End PBXFrameworksBuildPhase section */

/* Begin PBXGroup section */
		797980801EB91A6E00D44AB0 = {
			isa = PBXGroup;
			children = (
				79513ADD206150CA003FDE38 /* KRCMulticastDelegate.podspec */,
				79DE232F1F26511400D23E2C /* README.md */,
				7979808C1EB91A6E00D44AB0 /* Sources */,
				79C1A6D21EC4994E00F31EE7 /* Tests */,
				7979808B1EB91A6E00D44AB0 /* Products */,
			);
			sourceTree = "<group>";
		};
		7979808B1EB91A6E00D44AB0 /* Products */ = {
			isa = PBXGroup;
			children = (
				7979808A1EB91A6E00D44AB0 /* MulticastDelegate.framework */,
				797980931EB91A6E00D44AB0 /* MulticastDelegateTests.xctest */,
				6DF53B76207D451700EE395D /* MulticastDelegate.framework */,
				790612FC20FF700D00870ADB /* MulticastDelegateTests (tvOS).xctest */,
			);
			name = Products;
			sourceTree = "<group>";
		};
		7979808C1EB91A6E00D44AB0 /* Sources */ = {
			isa = PBXGroup;
			children = (
				7979808D1EB91A6E00D44AB0 /* MulticastDelegate.h */,
				7979808E1EB91A6E00D44AB0 /* Info.plist */,
				797980A41EB91A7E00D44AB0 /* MulticastDelegate.swift */,
			);
			path = Sources;
			sourceTree = "<group>";
		};
		79C1A6D21EC4994E00F31EE7 /* Tests */ = {
			isa = PBXGroup;
			children = (
				79C1A6D41EC4994E00F31EE7 /* LinuxMain.swift */,
				79C1A6D51EC4994E00F31EE7 /* MulticastDelegateTests */,
			);
			path = Tests;
			sourceTree = "<group>";
		};
		79C1A6D51EC4994E00F31EE7 /* MulticastDelegateTests */ = {
			isa = PBXGroup;
			children = (
				79C1A6D31EC4994E00F31EE7 /* Info.plist */,
				79C1A6D61EC4994E00F31EE7 /* MulticastDelegateTests.swift */,
			);
			path = MulticastDelegateTests;
			sourceTree = "<group>";
		};
/* End PBXGroup section */

/* Begin PBXHeadersBuildPhase section */
		6DF53B73207D451700EE395D /* Headers */ = {
			isa = PBXHeadersBuildPhase;
			buildActionMask = 2147483647;
			files = (
				6DF53B7F207D45F000EE395D /* MulticastDelegate.h in Headers */,
			);
			runOnlyForDeploymentPostprocessing = 0;
		};
		797980871EB91A6E00D44AB0 /* Headers */ = {
			isa = PBXHeadersBuildPhase;
			buildActionMask = 2147483647;
			files = (
				7979809B1EB91A6E00D44AB0 /* MulticastDelegate.h in Headers */,
			);
			runOnlyForDeploymentPostprocessing = 0;
		};
/* End PBXHeadersBuildPhase section */

/* Begin PBXNativeTarget section */
		6DF53B75207D451700EE395D /* MulticastDelegate (tvOS) */ = {
			isa = PBXNativeTarget;
			buildConfigurationList = 6DF53B7B207D451700EE395D /* Build configuration list for PBXNativeTarget "MulticastDelegate (tvOS)" */;
			buildPhases = (
				6DF53B71207D451700EE395D /* Sources */,
				6DF53B72207D451700EE395D /* Frameworks */,
				6DF53B73207D451700EE395D /* Headers */,
				6DF53B74207D451700EE395D /* Resources */,
			);
			buildRules = (
			);
			dependencies = (
			);
			name = "MulticastDelegate (tvOS)";
			productName = "MulticastDelegate (tvOS)";
			productReference = 6DF53B76207D451700EE395D /* MulticastDelegate.framework */;
			productType = "com.apple.product-type.framework";
		};
		790612F120FF700D00870ADB /* MulticastDelegateTests (tvOS) */ = {
			isa = PBXNativeTarget;
			buildConfigurationList = 790612F920FF700D00870ADB /* Build configuration list for PBXNativeTarget "MulticastDelegateTests (tvOS)" */;
			buildPhases = (
				790612F420FF700D00870ADB /* Sources */,
				790612F620FF700D00870ADB /* Frameworks */,
				790612F820FF700D00870ADB /* Resources */,
			);
			buildRules = (
			);
			dependencies = (
				790612FF20FF704900870ADB /* PBXTargetDependency */,
			);
			name = "MulticastDelegateTests (tvOS)";
			productName = MulticastDelegateTests;
			productReference = 790612FC20FF700D00870ADB /* MulticastDelegateTests (tvOS).xctest */;
			productType = "com.apple.product-type.bundle.unit-test";
		};
		797980891EB91A6E00D44AB0 /* MulticastDelegate (iOS) */ = {
			isa = PBXNativeTarget;
			buildConfigurationList = 7979809E1EB91A6E00D44AB0 /* Build configuration list for PBXNativeTarget "MulticastDelegate (iOS)" */;
			buildPhases = (
				797980851EB91A6E00D44AB0 /* Sources */,
				797980861EB91A6E00D44AB0 /* Frameworks */,
				797980871EB91A6E00D44AB0 /* Headers */,
				797980881EB91A6E00D44AB0 /* Resources */,
			);
			buildRules = (
			);
			dependencies = (
			);
			name = "MulticastDelegate (iOS)";
			productName = MulticastDelegate;
			productReference = 7979808A1EB91A6E00D44AB0 /* MulticastDelegate.framework */;
			productType = "com.apple.product-type.framework";
		};
		797980921EB91A6E00D44AB0 /* MulticastDelegateTests */ = {
			isa = PBXNativeTarget;
			buildConfigurationList = 797980A11EB91A6E00D44AB0 /* Build configuration list for PBXNativeTarget "MulticastDelegateTests" */;
			buildPhases = (
				7979808F1EB91A6E00D44AB0 /* Sources */,
				797980901EB91A6E00D44AB0 /* Frameworks */,
				797980911EB91A6E00D44AB0 /* Resources */,
			);
			buildRules = (
			);
			dependencies = (
				797980961EB91A6E00D44AB0 /* PBXTargetDependency */,
			);
			name = MulticastDelegateTests;
			productName = MulticastDelegateTests;
			productReference = 797980931EB91A6E00D44AB0 /* MulticastDelegateTests.xctest */;
			productType = "com.apple.product-type.bundle.unit-test";
		};
/* End PBXNativeTarget section */

/* Begin PBXProject section */
		797980811EB91A6E00D44AB0 /* Project object */ = {
			isa = PBXProject;
			attributes = {
				LastSwiftUpdateCheck = 0830;
				LastUpgradeCheck = 0940;
				ORGANIZATIONNAME = "Karl Catigbe";
				TargetAttributes = {
					6DF53B75207D451700EE395D = {
						CreatedOnToolsVersion = 9.3;
						ProvisioningStyle = Automatic;
					};
					790612F120FF700D00870ADB = {
						DevelopmentTeam = M8X8TH4LN3;
					};
					797980891EB91A6E00D44AB0 = {
						CreatedOnToolsVersion = 8.3.2;
						LastSwiftMigration = 0920;
						ProvisioningStyle = Automatic;
					};
					797980921EB91A6E00D44AB0 = {
						CreatedOnToolsVersion = 8.3.2;
						DevelopmentTeam = M8X8TH4LN3;
						LastSwiftMigration = 0920;
						ProvisioningStyle = Automatic;
					};
				};
			};
			buildConfigurationList = 797980841EB91A6E00D44AB0 /* Build configuration list for PBXProject "MulticastDelegate" */;
			compatibilityVersion = "Xcode 3.2";
			developmentRegion = English;
			hasScannedForEncodings = 0;
			knownRegions = (
				en,
			);
			mainGroup = 797980801EB91A6E00D44AB0;
			productRefGroup = 7979808B1EB91A6E00D44AB0 /* Products */;
			projectDirPath = "";
			projectRoot = "";
			targets = (
				797980891EB91A6E00D44AB0 /* MulticastDelegate (iOS) */,
				6DF53B75207D451700EE395D /* MulticastDelegate (tvOS) */,
				797980921EB91A6E00D44AB0 /* MulticastDelegateTests */,
				790612F120FF700D00870ADB /* MulticastDelegateTests (tvOS) */,
			);
		};
/* End PBXProject section */

/* Begin PBXResourcesBuildPhase section */
		6DF53B74207D451700EE395D /* Resources */ = {
			isa = PBXResourcesBuildPhase;
			buildActionMask = 2147483647;
			files = (
			);
			runOnlyForDeploymentPostprocessing = 0;
		};
		790612F820FF700D00870ADB /* Resources */ = {
			isa = PBXResourcesBuildPhase;
			buildActionMask = 2147483647;
			files = (
			);
			runOnlyForDeploymentPostprocessing = 0;
		};
		797980881EB91A6E00D44AB0 /* Resources */ = {
			isa = PBXResourcesBuildPhase;
			buildActionMask = 2147483647;
			files = (
				79C1A6D71EC4994E00F31EE7 /* Info.plist in Resources */,
			);
			runOnlyForDeploymentPostprocessing = 0;
		};
		797980911EB91A6E00D44AB0 /* Resources */ = {
			isa = PBXResourcesBuildPhase;
			buildActionMask = 2147483647;
			files = (
			);
			runOnlyForDeploymentPostprocessing = 0;
		};
/* End PBXResourcesBuildPhase section */

/* Begin PBXSourcesBuildPhase section */
		6DF53B71207D451700EE395D /* Sources */ = {
			isa = PBXSourcesBuildPhase;
			buildActionMask = 2147483647;
			files = (
				6DF53B7E207D45EE00EE395D /* MulticastDelegate.swift in Sources */,
			);
			runOnlyForDeploymentPostprocessing = 0;
		};
		790612F420FF700D00870ADB /* Sources */ = {
			isa = PBXSourcesBuildPhase;
			buildActionMask = 2147483647;
			files = (
				790612F520FF700D00870ADB /* MulticastDelegateTests.swift in Sources */,
			);
			runOnlyForDeploymentPostprocessing = 0;
		};
		797980851EB91A6E00D44AB0 /* Sources */ = {
			isa = PBXSourcesBuildPhase;
			buildActionMask = 2147483647;
			files = (
				797980A51EB91A7E00D44AB0 /* MulticastDelegate.swift in Sources */,
			);
			runOnlyForDeploymentPostprocessing = 0;
		};
		7979808F1EB91A6E00D44AB0 /* Sources */ = {
			isa = PBXSourcesBuildPhase;
			buildActionMask = 2147483647;
			files = (
				79C1A6DA1EC49D2F00F31EE7 /* MulticastDelegateTests.swift in Sources */,
			);
			runOnlyForDeploymentPostprocessing = 0;
		};
/* End PBXSourcesBuildPhase section */

/* Begin PBXTargetDependency section */
		790612FF20FF704900870ADB /* PBXTargetDependency */ = {
			isa = PBXTargetDependency;
			target = 6DF53B75207D451700EE395D /* MulticastDelegate (tvOS) */;
			targetProxy = 790612FE20FF704900870ADB /* PBXContainerItemProxy */;
		};
		797980961EB91A6E00D44AB0 /* PBXTargetDependency */ = {
			isa = PBXTargetDependency;
			target = 797980891EB91A6E00D44AB0 /* MulticastDelegate (iOS) */;
			targetProxy = 797980951EB91A6E00D44AB0 /* PBXContainerItemProxy */;
		};
/* End PBXTargetDependency section */

/* Begin XCBuildConfiguration section */
		6DF53B7C207D451700EE395D /* Debug */ = {
			isa = XCBuildConfiguration;
			buildSettings = {
				CLANG_CXX_LANGUAGE_STANDARD = "gnu++14";
				CLANG_ENABLE_OBJC_WEAK = YES;
				CLANG_WARN_BLOCK_CAPTURE_AUTORELEASING = YES;
				CLANG_WARN_COMMA = YES;
				CLANG_WARN_DEPRECATED_OBJC_IMPLEMENTATIONS = YES;
				CLANG_WARN_NON_LITERAL_NULL_CONVERSION = YES;
				CLANG_WARN_OBJC_IMPLICIT_RETAIN_SELF = YES;
				CLANG_WARN_OBJC_LITERAL_CONVERSION = YES;
				CLANG_WARN_RANGE_LOOP_ANALYSIS = YES;
				CLANG_WARN_STRICT_PROTOTYPES = YES;
				CLANG_WARN_UNGUARDED_AVAILABILITY = YES_AGGRESSIVE;
				CODE_SIGN_IDENTITY = "";
				CODE_SIGN_STYLE = Automatic;
				DEFINES_MODULE = YES;
				DYLIB_COMPATIBILITY_VERSION = 1;
				DYLIB_CURRENT_VERSION = 1;
				DYLIB_INSTALL_NAME_BASE = "@rpath";
				GCC_C_LANGUAGE_STANDARD = gnu11;
				INFOPLIST_FILE = "$(SRCROOT)/Sources/Info.plist";
				INSTALL_PATH = "$(LOCAL_LIBRARY_DIR)/Frameworks";
				LD_RUNPATH_SEARCH_PATHS = "$(inherited) @executable_path/Frameworks @loader_path/Frameworks";
				PRODUCT_BUNDLE_IDENTIFIER = net.catigbe.utils.MulticastDelegate;
				PRODUCT_NAME = MulticastDelegate;
				SDKROOT = appletvos;
				SKIP_INSTALL = YES;
				SWIFT_VERSION = 4.0;
				TARGETED_DEVICE_FAMILY = 3;
			};
			name = Debug;
		};
		6DF53B7D207D451700EE395D /* Release */ = {
			isa = XCBuildConfiguration;
			buildSettings = {
				CLANG_CXX_LANGUAGE_STANDARD = "gnu++14";
				CLANG_ENABLE_OBJC_WEAK = YES;
				CLANG_WARN_BLOCK_CAPTURE_AUTORELEASING = YES;
				CLANG_WARN_COMMA = YES;
				CLANG_WARN_DEPRECATED_OBJC_IMPLEMENTATIONS = YES;
				CLANG_WARN_NON_LITERAL_NULL_CONVERSION = YES;
				CLANG_WARN_OBJC_IMPLICIT_RETAIN_SELF = YES;
				CLANG_WARN_OBJC_LITERAL_CONVERSION = YES;
				CLANG_WARN_RANGE_LOOP_ANALYSIS = YES;
				CLANG_WARN_STRICT_PROTOTYPES = YES;
				CLANG_WARN_UNGUARDED_AVAILABILITY = YES_AGGRESSIVE;
				CODE_SIGN_IDENTITY = "";
				CODE_SIGN_STYLE = Automatic;
				DEFINES_MODULE = YES;
				DYLIB_COMPATIBILITY_VERSION = 1;
				DYLIB_CURRENT_VERSION = 1;
				DYLIB_INSTALL_NAME_BASE = "@rpath";
				GCC_C_LANGUAGE_STANDARD = gnu11;
				INFOPLIST_FILE = "$(SRCROOT)/Sources/Info.plist";
				INSTALL_PATH = "$(LOCAL_LIBRARY_DIR)/Frameworks";
				LD_RUNPATH_SEARCH_PATHS = "$(inherited) @executable_path/Frameworks @loader_path/Frameworks";
				PRODUCT_BUNDLE_IDENTIFIER = net.catigbe.utils.MulticastDelegate;
				PRODUCT_NAME = MulticastDelegate;
				SDKROOT = appletvos;
				SKIP_INSTALL = YES;
				SWIFT_VERSION = 4.0;
				TARGETED_DEVICE_FAMILY = 3;
			};
			name = Release;
		};
		790612FA20FF700D00870ADB /* Debug */ = {
			isa = XCBuildConfiguration;
			buildSettings = {
				ALWAYS_EMBED_SWIFT_STANDARD_LIBRARIES = YES;
				DEVELOPMENT_TEAM = M8X8TH4LN3;
				INFOPLIST_FILE = Tests/MulticastDelegateTests/Info.plist;
				LD_RUNPATH_SEARCH_PATHS = "$(inherited) @executable_path/Frameworks @loader_path/Frameworks";
				PRODUCT_BUNDLE_IDENTIFIER = net.catigbe.utils.MulticastDelegate;
				PRODUCT_NAME = "$(TARGET_NAME)";
				SDKROOT = appletvos;
				SWIFT_VERSION = 4.0;
			};
			name = Debug;
		};
		790612FB20FF700D00870ADB /* Release */ = {
			isa = XCBuildConfiguration;
			buildSettings = {
				ALWAYS_EMBED_SWIFT_STANDARD_LIBRARIES = YES;
				DEVELOPMENT_TEAM = M8X8TH4LN3;
				INFOPLIST_FILE = Tests/MulticastDelegateTests/Info.plist;
				LD_RUNPATH_SEARCH_PATHS = "$(inherited) @executable_path/Frameworks @loader_path/Frameworks";
				PRODUCT_BUNDLE_IDENTIFIER = net.catigbe.utils.MulticastDelegate;
				PRODUCT_NAME = "$(TARGET_NAME)";
				SDKROOT = appletvos;
				SWIFT_VERSION = 4.0;
			};
			name = Release;
		};
		7979809C1EB91A6E00D44AB0 /* Debug */ = {
			isa = XCBuildConfiguration;
			buildSettings = {
				ALWAYS_SEARCH_USER_PATHS = NO;
				CLANG_ANALYZER_NONNULL = YES;
				CLANG_ANALYZER_NUMBER_OBJECT_CONVERSION = YES_AGGRESSIVE;
				CLANG_CXX_LANGUAGE_STANDARD = "gnu++0x";
				CLANG_CXX_LIBRARY = "libc++";
				CLANG_ENABLE_MODULES = YES;
				CLANG_ENABLE_OBJC_ARC = YES;
				CLANG_WARN_BLOCK_CAPTURE_AUTORELEASING = YES;
				CLANG_WARN_BOOL_CONVERSION = YES;
				CLANG_WARN_COMMA = YES;
				CLANG_WARN_CONSTANT_CONVERSION = YES;
				CLANG_WARN_DEPRECATED_OBJC_IMPLEMENTATIONS = YES;
				CLANG_WARN_DIRECT_OBJC_ISA_USAGE = YES_ERROR;
				CLANG_WARN_DOCUMENTATION_COMMENTS = YES;
				CLANG_WARN_EMPTY_BODY = YES;
				CLANG_WARN_ENUM_CONVERSION = YES;
				CLANG_WARN_INFINITE_RECURSION = YES;
				CLANG_WARN_INT_CONVERSION = YES;
				CLANG_WARN_NON_LITERAL_NULL_CONVERSION = YES;
				CLANG_WARN_OBJC_IMPLICIT_RETAIN_SELF = YES;
				CLANG_WARN_OBJC_LITERAL_CONVERSION = YES;
				CLANG_WARN_OBJC_ROOT_CLASS = YES_ERROR;
				CLANG_WARN_RANGE_LOOP_ANALYSIS = YES;
				CLANG_WARN_STRICT_PROTOTYPES = YES;
				CLANG_WARN_SUSPICIOUS_MOVE = YES;
				CLANG_WARN_UNREACHABLE_CODE = YES;
				CLANG_WARN__DUPLICATE_METHOD_MATCH = YES;
				"CODE_SIGN_IDENTITY[sdk=iphoneos*]" = "iPhone Developer";
				COPY_PHASE_STRIP = NO;
				CURRENT_PROJECT_VERSION = 1;
				DEBUG_INFORMATION_FORMAT = dwarf;
				ENABLE_STRICT_OBJC_MSGSEND = YES;
				ENABLE_TESTABILITY = YES;
				GCC_C_LANGUAGE_STANDARD = gnu99;
				GCC_DYNAMIC_NO_PIC = NO;
				GCC_NO_COMMON_BLOCKS = YES;
				GCC_OPTIMIZATION_LEVEL = 0;
				GCC_PREPROCESSOR_DEFINITIONS = (
					"DEBUG=1",
					"$(inherited)",
				);
				GCC_WARN_64_TO_32_BIT_CONVERSION = YES;
				GCC_WARN_ABOUT_RETURN_TYPE = YES_ERROR;
				GCC_WARN_UNDECLARED_SELECTOR = YES;
				GCC_WARN_UNINITIALIZED_AUTOS = YES_AGGRESSIVE;
				GCC_WARN_UNUSED_FUNCTION = YES;
				GCC_WARN_UNUSED_VARIABLE = YES;
				IPHONEOS_DEPLOYMENT_TARGET = 9.0;
				MTL_ENABLE_DEBUG_INFO = YES;
				ONLY_ACTIVE_ARCH = YES;
				SDKROOT = iphoneos;
				SWIFT_ACTIVE_COMPILATION_CONDITIONS = DEBUG;
				SWIFT_OPTIMIZATION_LEVEL = "-Onone";
				TARGETED_DEVICE_FAMILY = "1,2";
				TVOS_DEPLOYMENT_TARGET = 9.0;
				VERSIONING_SYSTEM = "apple-generic";
				VERSION_INFO_PREFIX = "";
			};
			name = Debug;
		};
		7979809D1EB91A6E00D44AB0 /* Release */ = {
			isa = XCBuildConfiguration;
			buildSettings = {
				ALWAYS_SEARCH_USER_PATHS = NO;
				CLANG_ANALYZER_NONNULL = YES;
				CLANG_ANALYZER_NUMBER_OBJECT_CONVERSION = YES_AGGRESSIVE;
				CLANG_CXX_LANGUAGE_STANDARD = "gnu++0x";
				CLANG_CXX_LIBRARY = "libc++";
				CLANG_ENABLE_MODULES = YES;
				CLANG_ENABLE_OBJC_ARC = YES;
				CLANG_WARN_BLOCK_CAPTURE_AUTORELEASING = YES;
				CLANG_WARN_BOOL_CONVERSION = YES;
				CLANG_WARN_COMMA = YES;
				CLANG_WARN_CONSTANT_CONVERSION = YES;
				CLANG_WARN_DEPRECATED_OBJC_IMPLEMENTATIONS = YES;
				CLANG_WARN_DIRECT_OBJC_ISA_USAGE = YES_ERROR;
				CLANG_WARN_DOCUMENTATION_COMMENTS = YES;
				CLANG_WARN_EMPTY_BODY = YES;
				CLANG_WARN_ENUM_CONVERSION = YES;
				CLANG_WARN_INFINITE_RECURSION = YES;
				CLANG_WARN_INT_CONVERSION = YES;
				CLANG_WARN_NON_LITERAL_NULL_CONVERSION = YES;
				CLANG_WARN_OBJC_IMPLICIT_RETAIN_SELF = YES;
				CLANG_WARN_OBJC_LITERAL_CONVERSION = YES;
				CLANG_WARN_OBJC_ROOT_CLASS = YES_ERROR;
				CLANG_WARN_RANGE_LOOP_ANALYSIS = YES;
				CLANG_WARN_STRICT_PROTOTYPES = YES;
				CLANG_WARN_SUSPICIOUS_MOVE = YES;
				CLANG_WARN_UNREACHABLE_CODE = YES;
				CLANG_WARN__DUPLICATE_METHOD_MATCH = YES;
				"CODE_SIGN_IDENTITY[sdk=iphoneos*]" = "iPhone Developer";
				COPY_PHASE_STRIP = NO;
				CURRENT_PROJECT_VERSION = 1;
				DEBUG_INFORMATION_FORMAT = "dwarf-with-dsym";
				ENABLE_NS_ASSERTIONS = NO;
				ENABLE_STRICT_OBJC_MSGSEND = YES;
				GCC_C_LANGUAGE_STANDARD = gnu99;
				GCC_NO_COMMON_BLOCKS = YES;
				GCC_WARN_64_TO_32_BIT_CONVERSION = YES;
				GCC_WARN_ABOUT_RETURN_TYPE = YES_ERROR;
				GCC_WARN_UNDECLARED_SELECTOR = YES;
				GCC_WARN_UNINITIALIZED_AUTOS = YES_AGGRESSIVE;
				GCC_WARN_UNUSED_FUNCTION = YES;
				GCC_WARN_UNUSED_VARIABLE = YES;
				IPHONEOS_DEPLOYMENT_TARGET = 9.0;
				MTL_ENABLE_DEBUG_INFO = NO;
				SDKROOT = iphoneos;
				SWIFT_OPTIMIZATION_LEVEL = "-Owholemodule";
				TARGETED_DEVICE_FAMILY = "1,2";
				TVOS_DEPLOYMENT_TARGET = 9.0;
				VALIDATE_PRODUCT = YES;
				VERSIONING_SYSTEM = "apple-generic";
				VERSION_INFO_PREFIX = "";
			};
			name = Release;
		};
		7979809F1EB91A6E00D44AB0 /* Debug */ = {
			isa = XCBuildConfiguration;
			buildSettings = {
				CLANG_ENABLE_MODULES = YES;
				CODE_SIGN_IDENTITY = "";
				DEFINES_MODULE = YES;
				DYLIB_COMPATIBILITY_VERSION = 1;
				DYLIB_CURRENT_VERSION = 1;
				DYLIB_INSTALL_NAME_BASE = "@rpath";
				INFOPLIST_FILE = Sources/Info.plist;
				INSTALL_PATH = "$(LOCAL_LIBRARY_DIR)/Frameworks";
				LD_RUNPATH_SEARCH_PATHS = "$(inherited) @executable_path/Frameworks @loader_path/Frameworks";
				PRODUCT_BUNDLE_IDENTIFIER = net.catigbe.utils.MulticastDelegate;
				PRODUCT_NAME = MulticastDelegate;
				SKIP_INSTALL = YES;
				SWIFT_OPTIMIZATION_LEVEL = "-Onone";
				SWIFT_VERSION = 4.0;
			};
			name = Debug;
		};
		797980A01EB91A6E00D44AB0 /* Release */ = {
			isa = XCBuildConfiguration;
			buildSettings = {
				CLANG_ENABLE_MODULES = YES;
				CODE_SIGN_IDENTITY = "";
				DEFINES_MODULE = YES;
				DYLIB_COMPATIBILITY_VERSION = 1;
				DYLIB_CURRENT_VERSION = 1;
				DYLIB_INSTALL_NAME_BASE = "@rpath";
				INFOPLIST_FILE = Sources/Info.plist;
				INSTALL_PATH = "$(LOCAL_LIBRARY_DIR)/Frameworks";
				LD_RUNPATH_SEARCH_PATHS = "$(inherited) @executable_path/Frameworks @loader_path/Frameworks";
				PRODUCT_BUNDLE_IDENTIFIER = net.catigbe.utils.MulticastDelegate;
				PRODUCT_NAME = MulticastDelegate;
				SKIP_INSTALL = YES;
				SWIFT_VERSION = 4.0;
			};
			name = Release;
		};
		797980A21EB91A6E00D44AB0 /* Debug */ = {
			isa = XCBuildConfiguration;
			buildSettings = {
				ALWAYS_EMBED_SWIFT_STANDARD_LIBRARIES = YES;
				DEVELOPMENT_TEAM = M8X8TH4LN3;
				INFOPLIST_FILE = Tests/MulticastDelegateTests/Info.plist;
				LD_RUNPATH_SEARCH_PATHS = "$(inherited) @executable_path/Frameworks @loader_path/Frameworks";
				PRODUCT_BUNDLE_IDENTIFIER = net.catigbe.utils.MulticastDelegate;
				PRODUCT_NAME = "$(TARGET_NAME)";
				SWIFT_VERSION = 4.0;
			};
			name = Debug;
		};
		797980A31EB91A6E00D44AB0 /* Release */ = {
			isa = XCBuildConfiguration;
			buildSettings = {
				ALWAYS_EMBED_SWIFT_STANDARD_LIBRARIES = YES;
				DEVELOPMENT_TEAM = M8X8TH4LN3;
				INFOPLIST_FILE = Tests/MulticastDelegateTests/Info.plist;
				LD_RUNPATH_SEARCH_PATHS = "$(inherited) @executable_path/Frameworks @loader_path/Frameworks";
				PRODUCT_BUNDLE_IDENTIFIER = net.catigbe.utils.MulticastDelegate;
				PRODUCT_NAME = "$(TARGET_NAME)";
				SWIFT_VERSION = 4.0;
			};
			name = Release;
		};
/* End XCBuildConfiguration section */

/* Begin XCConfigurationList section */
		6DF53B7B207D451700EE395D /* Build configuration list for PBXNativeTarget "MulticastDelegate (tvOS)" */ = {
			isa = XCConfigurationList;
			buildConfigurations = (
				6DF53B7C207D451700EE395D /* Debug */,
				6DF53B7D207D451700EE395D /* Release */,
			);
			defaultConfigurationIsVisible = 0;
			defaultConfigurationName = Release;
		};
		790612F920FF700D00870ADB /* Build configuration list for PBXNativeTarget "MulticastDelegateTests (tvOS)" */ = {
			isa = XCConfigurationList;
			buildConfigurations = (
				790612FA20FF700D00870ADB /* Debug */,
				790612FB20FF700D00870ADB /* Release */,
			);
			defaultConfigurationIsVisible = 0;
			defaultConfigurationName = Release;
		};
		797980841EB91A6E00D44AB0 /* Build configuration list for PBXProject "MulticastDelegate" */ = {
			isa = XCConfigurationList;
			buildConfigurations = (
				7979809C1EB91A6E00D44AB0 /* Debug */,
				7979809D1EB91A6E00D44AB0 /* Release */,
			);
			defaultConfigurationIsVisible = 0;
			defaultConfigurationName = Release;
		};
		7979809E1EB91A6E00D44AB0 /* Build configuration list for PBXNativeTarget "MulticastDelegate (iOS)" */ = {
			isa = XCConfigurationList;
			buildConfigurations = (
				7979809F1EB91A6E00D44AB0 /* Debug */,
				797980A01EB91A6E00D44AB0 /* Release */,
			);
			defaultConfigurationIsVisible = 0;
			defaultConfigurationName = Release;
		};
		797980A11EB91A6E00D44AB0 /* Build configuration list for PBXNativeTarget "MulticastDelegateTests" */ = {
			isa = XCConfigurationList;
			buildConfigurations = (
				797980A21EB91A6E00D44AB0 /* Debug */,
				797980A31EB91A6E00D44AB0 /* Release */,
			);
			defaultConfigurationIsVisible = 0;
			defaultConfigurationName = Release;
		};
/* End XCConfigurationList section */
	};
	rootObject = 797980811EB91A6E00D44AB0 /* Project object */;
}
